{
  "aggregate_sha256": "eb417ed78c6d3385615a6d45b746fde4b642060c0d028fe951bab1c4458356d4",
  "files": [
    {
      "path": "AGENTS.md",
      "sha256": "0bb30c03b4cbc22dba1f06b80959feee8d6b9e035236ddbfea79377cb117b949"
    },
    {
      "path": "CLAUDE.md",
      "sha256": "bf581bb34c06fdca1f6f6a98b622b9522b97cbe35f39de6ae1cb5585281be457"
    },
    {
      "path": "INSTRUCTIONS.md",
      "sha256": "05c11276201b3dccde56ad975048d213f6e9c25b685f9189c011e53bc8689ed9"
    },
    {
      "path": "TERMS.md",
      "sha256": "48a1770134e858a1504d397ff96d7350d30bbca5dcf59384fbe934a6a3c3297d"
    },
    {
      "path": "client_policy.py",
      "sha256": "7bc6357daf0ee0c382835987c679c79c33a7f0f071b03fcec980d2e28bfe41f8"
    },
    {
      "path": "rules.json",
      "sha256": "6883639d9325a0bed8c19ad244f285bfc37147db30812122d9fc7c43f436e901"
    },
    {
      "path": "run_client_audit.py",
      "sha256": "19b0af1fe33bc9d076839f9ed27a247a13161ed29d8a7fd92bc37472f89a7d9c"
    },
    {
      "path": "run_signal_machine.py",
      "sha256": "62ad9bd0b23720351a3f1c7a927cd6bf5d76c1c6bb58b1b8f32d265a065364fd"
    },
    {
      "path": "signal_client/__init__.py",
      "sha256": "5f8c0c3c7fa165ef2cd618d5891b7d9fa679331951018774037c85674688a18e"
    },
    {
      "path": "signal_client/audit.py",
      "sha256": "6dd206f8cab0e3e13a6446957a0cfdd18f4d25d3dfd0483e78352e44c0a2fc75"
    },
    {
      "path": "signal_client/integrity.py",
      "sha256": "92c997b3d67daa5e9dc6e10c266936d94e23406b7a3609f579071645731bca61"
    },
    {
      "path": "signal_client/polymarket.py",
      "sha256": "eab01269f74881593350c3440d284857fec9c2f1b92227790a5e2a61948ba566"
    }
  ],
  "protected_paths": [
    "AGENTS.md",
    "CLAUDE.md",
    "INSTRUCTIONS.md",
    "TERMS.md",
    "run_client_audit.py",
    "run_signal_machine.py",
    "client_policy.py",
    "rules.json",
    "signal_client"
  ],
  "schema": "signal-client-integrity-v1"
}
